// !$*UTF8*$!
{
	archiveVersion = 1;
	classes = {
	};
	objectVersion = 46;
	objects = {

/* Begin PBXBuildFile section */
		1A3A1D36158617EA00978DD7 /* Exercise.m in Sources */ = {isa = PBXBuildFile; fileRef = 1A3A1D35158617EA00978DD7 /* Exercise.m */; };
		1A47A0901585DF3F00203A81 /* InactiveExerciseCell.m in Sources */ = {isa = PBXBuildFile; fileRef = 1A47A08F1585DF3F00203A81 /* InactiveExerciseCell.m */; };
		1AACE9F0158760C800B9B2DF /* MainStoryboard_iPad.storyboard in Resources */ = {isa = PBXBuildFile; fileRef = 1AACE9EE158760C800B9B2DF /* MainStoryboard_iPad.storyboard */; };
		1ABEF4F6158C0EA700BBD092 /* MWFSlideNavigationViewController.m in Sources */ = {isa = PBXBuildFile; fileRef = 1ABEF4F5158C0EA700BBD092 /* MWFSlideNavigationViewController.m */; };
		1ADE90C615846FC2005B0AF1 /* AddTypeViewController.m in Sources */ = {isa = PBXBuildFile; fileRef = 1ADE90C515846FC2005B0AF1 /* AddTypeViewController.m */; };
		1ADE90CE15847A2E005B0AF1 /* ExerciseDataController.m in Sources */ = {isa = PBXBuildFile; fileRef = 1ADE90CD15847A2E005B0AF1 /* ExerciseDataController.m */; };
		1ADE90D515849FA3005B0AF1 /* AddExerciseCell.m in Sources */ = {isa = PBXBuildFile; fileRef = 1ADE90D415849FA3005B0AF1 /* AddExerciseCell.m */; };
		1AF3455615835B7700EB1EA5 /* UIKit.framework in Frameworks */ = {isa = PBXBuildFile; fileRef = 1AF3455515835B7700EB1EA5 /* UIKit.framework */; };
		1AF3455815835B7700EB1EA5 /* Foundation.framework in Frameworks */ = {isa = PBXBuildFile; fileRef = 1AF3455715835B7700EB1EA5 /* Foundation.framework */; };
		1AF3455A15835B7700EB1EA5 /* CoreGraphics.framework in Frameworks */ = {isa = PBXBuildFile; fileRef = 1AF3455915835B7700EB1EA5 /* CoreGraphics.framework */; };
		1AF3456015835B7700EB1EA5 /* InfoPlist.strings in Resources */ = {isa = PBXBuildFile; fileRef = 1AF3455E15835B7700EB1EA5 /* InfoPlist.strings */; };
		1AF3456215835B7700EB1EA5 /* main.m in Sources */ = {isa = PBXBuildFile; fileRef = 1AF3456115835B7700EB1EA5 /* main.m */; };
		1AF3456615835B7700EB1EA5 /* Gym2000AppDelegate.m in Sources */ = {isa = PBXBuildFile; fileRef = 1AF3456515835B7700EB1EA5 /* Gym2000AppDelegate.m */; };
		1AF3456915835B7700EB1EA5 /* MainStoryboard_iPhone.storyboard in Resources */ = {isa = PBXBuildFile; fileRef = 1AF3456715835B7700EB1EA5 /* MainStoryboard_iPhone.storyboard */; };
		1AF3456F15835B7800EB1EA5 /* ExerciseTableViewController.m in Sources */ = {isa = PBXBuildFile; fileRef = 1AF3456E15835B7800EB1EA5 /* ExerciseTableViewController.m */; };
		1AF4CE15158B38EB009A2CED /* MainViewController.m in Sources */ = {isa = PBXBuildFile; fileRef = 1AF4CE14158B38EB009A2CED /* MainViewController.m */; };
		1AF4CE1E158B6E54009A2CED /* SlideySegue.m in Sources */ = {isa = PBXBuildFile; fileRef = 1AF4CE1D158B6E54009A2CED /* SlideySegue.m */; };
/* End PBXBuildFile section */

/* Begin PBXFileReference section */
		1A3A1D34158617EA00978DD7 /* Exercise.h */ = {isa = PBXFileReference; fileEncoding = 4; lastKnownFileType = sourcecode.c.h; path = Exercise.h; sourceTree = "<group>"; };
		1A3A1D35158617EA00978DD7 /* Exercise.m */ = {isa = PBXFileReference; fileEncoding = 4; lastKnownFileType = sourcecode.c.objc; path = Exercise.m; sourceTree = "<group>"; };
		1A47A08E1585DF3F00203A81 /* InactiveExerciseCell.h */ = {isa = PBXFileReference; fileEncoding = 4; lastKnownFileType = sourcecode.c.h; path = InactiveExerciseCell.h; sourceTree = "<group>"; };
		1A47A08F1585DF3F00203A81 /* InactiveExerciseCell.m */ = {isa = PBXFileReference; fileEncoding = 4; lastKnownFileType = sourcecode.c.objc; path = InactiveExerciseCell.m; sourceTree = "<group>"; };
		1AACE9EF158760C800B9B2DF /* en */ = {isa = PBXFileReference; lastKnownFileType = file.storyboard; name = en; path = en.lproj/MainStoryboard_iPad.storyboard; sourceTree = "<group>"; };
		1ABEF4F4158C0EA700BBD092 /* MWFSlideNavigationViewController.h */ = {isa = PBXFileReference; fileEncoding = 4; lastKnownFileType = sourcecode.c.h; path = MWFSlideNavigationViewController.h; sourceTree = "<group>"; };
		1ABEF4F5158C0EA700BBD092 /* MWFSlideNavigationViewController.m */ = {isa = PBXFileReference; fileEncoding = 4; lastKnownFileType = sourcecode.c.objc; path = MWFSlideNavigationViewController.m; sourceTree = "<group>"; };
		1ADE90C415846FC2005B0AF1 /* AddTypeViewController.h */ = {isa = PBXFileReference; fileEncoding = 4; lastKnownFileType = sourcecode.c.h; path = AddTypeViewController.h; sourceTree = "<group>"; };
		1ADE90C515846FC2005B0AF1 /* AddTypeViewController.m */ = {isa = PBXFileReference; fileEncoding = 4; lastKnownFileType = sourcecode.c.objc; path = AddTypeViewController.m; sourceTree = "<group>"; };
		1ADE90CC15847A2E005B0AF1 /* ExerciseDataController.h */ = {isa = PBXFileReference; fileEncoding = 4; lastKnownFileType = sourcecode.c.h; path = ExerciseDataController.h; sourceTree = "<group>"; };
		1ADE90CD15847A2E005B0AF1 /* ExerciseDataController.m */ = {isa = PBXFileReference; fileEncoding = 4; lastKnownFileType = sourcecode.c.objc; path = ExerciseDataController.m; sourceTree = "<group>"; };
		1ADE90D315849FA3005B0AF1 /* AddExerciseCell.h */ = {isa = PBXFileReference; fileEncoding = 4; lastKnownFileType = sourcecode.c.h; path = AddExerciseCell.h; sourceTree = "<group>"; };
		1ADE90D415849FA3005B0AF1 /* AddExerciseCell.m */ = {isa = PBXFileReference; fileEncoding = 4; lastKnownFileType = sourcecode.c.objc; path = AddExerciseCell.m; sourceTree = "<group>"; };
		1AF3455115835B7700EB1EA5 /* Gym2000AndAwesome.app */ = {isa = PBXFileReference; explicitFileType = wrapper.application; includeInIndex = 0; path = Gym2000AndAwesome.app; sourceTree = BUILT_PRODUCTS_DIR; };
		1AF3455515835B7700EB1EA5 /* UIKit.framework */ = {isa = PBXFileReference; lastKnownFileType = wrapper.framework; name = UIKit.framework; path = System/Library/Frameworks/UIKit.framework; sourceTree = SDKROOT; };
		1AF3455715835B7700EB1EA5 /* Foundation.framework */ = {isa = PBXFileReference; lastKnownFileType = wrapper.framework; name = Foundation.framework; path = System/Library/Frameworks/Foundation.framework; sourceTree = SDKROOT; };
		1AF3455915835B7700EB1EA5 /* CoreGraphics.framework */ = {isa = PBXFileReference; lastKnownFileType = wrapper.framework; name = CoreGraphics.framework; path = System/Library/Frameworks/CoreGraphics.framework; sourceTree = SDKROOT; };
		1AF3455D15835B7700EB1EA5 /* Gym2000AndAwesome-Info.plist */ = {isa = PBXFileReference; lastKnownFileType = text.plist.xml; path = "Gym2000AndAwesome-Info.plist"; sourceTree = "<group>"; };
		1AF3455F15835B7700EB1EA5 /* en */ = {isa = PBXFileReference; lastKnownFileType = text.plist.strings; name = en; path = en.lproj/InfoPlist.strings; sourceTree = "<group>"; };
		1AF3456115835B7700EB1EA5 /* main.m */ = {isa = PBXFileReference; lastKnownFileType = sourcecode.c.objc; path = main.m; sourceTree = "<group>"; };
		1AF3456315835B7700EB1EA5 /* Gym2000AndAwesome-Prefix.pch */ = {isa = PBXFileReference; lastKnownFileType = sourcecode.c.h; path = "Gym2000AndAwesome-Prefix.pch"; sourceTree = "<group>"; };
		1AF3456415835B7700EB1EA5 /* Gym2000AppDelegate.h */ = {isa = PBXFileReference; lastKnownFileType = sourcecode.c.h; path = Gym2000AppDelegate.h; sourceTree = "<group>"; };
		1AF3456515835B7700EB1EA5 /* Gym2000AppDelegate.m */ = {isa = PBXFileReference; lastKnownFileType = sourcecode.c.objc; path = Gym2000AppDelegate.m; sourceTree = "<group>"; };
		1AF3456815835B7700EB1EA5 /* en */ = {isa = PBXFileReference; lastKnownFileType = file.storyboard; name = en; path = en.lproj/MainStoryboard_iPhone.storyboard; sourceTree = "<group>"; };
		1AF3456D15835B7800EB1EA5 /* ExerciseTableViewController.h */ = {isa = PBXFileReference; lastKnownFileType = sourcecode.c.h; path = ExerciseTableViewController.h; sourceTree = "<group>"; };
		1AF3456E15835B7800EB1EA5 /* ExerciseTableViewController.m */ = {isa = PBXFileReference; lastKnownFileType = sourcecode.c.objc; path = ExerciseTableViewController.m; sourceTree = "<group>"; };
		1AF4CE13158B38EB009A2CED /* MainViewController.h */ = {isa = PBXFileReference; fileEncoding = 4; lastKnownFileType = sourcecode.c.h; path = MainViewController.h; sourceTree = "<group>"; };
		1AF4CE14158B38EB009A2CED /* MainViewController.m */ = {isa = PBXFileReference; fileEncoding = 4; lastKnownFileType = sourcecode.c.objc; path = MainViewController.m; sourceTree = "<group>"; };
		1AF4CE1C158B6E54009A2CED /* SlideySegue.h */ = {isa = PBXFileReference; fileEncoding = 4; lastKnownFileType = sourcecode.c.h; path = SlideySegue.h; sourceTree = "<group>"; };
		1AF4CE1D158B6E54009A2CED /* SlideySegue.m */ = {isa = PBXFileReference; fileEncoding = 4; lastKnownFileType = sourcecode.c.objc; path = SlideySegue.m; sourceTree = "<group>"; };
/* End PBXFileReference section */

/* Begin PBXFrameworksBuildPhase section */
		1AF3454E15835B7700EB1EA5 /* Frameworks */ = {
			isa = PBXFrameworksBuildPhase;
			buildActionMask = 2147483647;
			files = (
				1AF3455615835B7700EB1EA5 /* UIKit.framework in Frameworks */,
				1AF3455815835B7700EB1EA5 /* Foundation.framework in Frameworks */,
				1AF3455A15835B7700EB1EA5 /* CoreGraphics.framework in Frameworks */,
			);
			runOnlyForDeploymentPostprocessing = 0;
		};
/* End PBXFrameworksBuildPhase section */

/* Begin PBXGroup section */
		1AF3454615835B7700EB1EA5 = {
			isa = PBXGroup;
			children = (
				1AF3455B15835B7700EB1EA5 /* Gym2000AndAwesome */,
				1AF3455415835B7700EB1EA5 /* Frameworks */,
				1AF3455215835B7700EB1EA5 /* Products */,
			);
			sourceTree = "<group>";
		};
		1AF3455215835B7700EB1EA5 /* Products */ = {
			isa = PBXGroup;
			children = (
				1AF3455115835B7700EB1EA5 /* Gym2000AndAwesome.app */,
			);
			name = Products;
			sourceTree = "<group>";
		};
		1AF3455415835B7700EB1EA5 /* Frameworks */ = {
			isa = PBXGroup;
			children = (
				1AF3455515835B7700EB1EA5 /* UIKit.framework */,
				1AF3455715835B7700EB1EA5 /* Foundation.framework */,
				1AF3455915835B7700EB1EA5 /* CoreGraphics.framework */,
			);
			name = Frameworks;
			sourceTree = "<group>";
		};
		1AF3455B15835B7700EB1EA5 /* Gym2000AndAwesome */ = {
			isa = PBXGroup;
			children = (
				1AACE9EE158760C800B9B2DF /* MainStoryboard_iPad.storyboard */,
				1AF3456415835B7700EB1EA5 /* Gym2000AppDelegate.h */,
				1AF3456515835B7700EB1EA5 /* Gym2000AppDelegate.m */,
				1ABEF4F4158C0EA700BBD092 /* MWFSlideNavigationViewController.h */,
				1ABEF4F5158C0EA700BBD092 /* MWFSlideNavigationViewController.m */,
				1AF4CE13158B38EB009A2CED /* MainViewController.h */,
				1AF4CE14158B38EB009A2CED /* MainViewController.m */,
				1AF3456D15835B7800EB1EA5 /* ExerciseTableViewController.h */,
				1AF3456E15835B7800EB1EA5 /* ExerciseTableViewController.m */,
				1AF3455C15835B7700EB1EA5 /* Supporting Files */,
				1ADE90CC15847A2E005B0AF1 /* ExerciseDataController.h */,
				1ADE90CD15847A2E005B0AF1 /* ExerciseDataController.m */,
				1ADE90D315849FA3005B0AF1 /* AddExerciseCell.h */,
				1ADE90D415849FA3005B0AF1 /* AddExerciseCell.m */,
				1A47A08E1585DF3F00203A81 /* InactiveExerciseCell.h */,
				1A47A08F1585DF3F00203A81 /* InactiveExerciseCell.m */,
				1A3A1D34158617EA00978DD7 /* Exercise.h */,
				1A3A1D35158617EA00978DD7 /* Exercise.m */,
				1AF4CE1C158B6E54009A2CED /* SlideySegue.h */,
				1AF4CE1D158B6E54009A2CED /* SlideySegue.m */,
				1AF3456715835B7700EB1EA5 /* MainStoryboard_iPhone.storyboard */,
				1ADE90C415846FC2005B0AF1 /* AddTypeViewController.h */,
				1ADE90C515846FC2005B0AF1 /* AddTypeViewController.m */,
			);
			path = Gym2000AndAwesome;
			sourceTree = "<group>";
		};
		1AF3455C15835B7700EB1EA5 /* Supporting Files */ = {
			isa = PBXGroup;
			children = (
				1AF3455D15835B7700EB1EA5 /* Gym2000AndAwesome-Info.plist */,
				1AF3455E15835B7700EB1EA5 /* InfoPlist.strings */,
				1AF3456115835B7700EB1EA5 /* main.m */,
				1AF3456315835B7700EB1EA5 /* Gym2000AndAwesome-Prefix.pch */,
			);
			name = "Supporting Files";
			sourceTree = "<group>";
		};
/* End PBXGroup section */

/* Begin PBXNativeTarget section */
		1AF3455015835B7700EB1EA5 /* Gym2000AndAwesome */ = {
			isa = PBXNativeTarget;
			buildConfigurationList = 1AF3457215835B7800EB1EA5 /* Build configuration list for PBXNativeTarget "Gym2000AndAwesome" */;
			buildPhases = (
				1AF3454D15835B7700EB1EA5 /* Sources */,
				1AF3454E15835B7700EB1EA5 /* Frameworks */,
				1AF3454F15835B7700EB1EA5 /* Resources */,
			);
			buildRules = (
			);
			dependencies = (
			);
			name = Gym2000AndAwesome;
			productName = Gym2000AndAwesome;
			productReference = 1AF3455115835B7700EB1EA5 /* Gym2000AndAwesome.app */;
			productType = "com.apple.product-type.application";
		};
/* End PBXNativeTarget section */

/* Begin PBXProject section */
		1AF3454815835B7700EB1EA5 /* Project object */ = {
			isa = PBXProject;
			attributes = {
				CLASSPREFIX = Gym2000;
				LastUpgradeCheck = 0430;
			};
			buildConfigurationList = 1AF3454B15835B7700EB1EA5 /* Build configuration list for PBXProject "Gym2000AndAwesome" */;
			compatibilityVersion = "Xcode 3.2";
			developmentRegion = English;
			hasScannedForEncodings = 0;
			knownRegions = (
				en,
			);
			mainGroup = 1AF3454615835B7700EB1EA5;
			productRefGroup = 1AF3455215835B7700EB1EA5 /* Products */;
			projectDirPath = "";
			projectRoot = "";
			targets = (
				1AF3455015835B7700EB1EA5 /* Gym2000AndAwesome */,
			);
		};
/* End PBXProject section */

/* Begin PBXResourcesBuildPhase section */
		1AF3454F15835B7700EB1EA5 /* Resources */ = {
			isa = PBXResourcesBuildPhase;
			buildActionMask = 2147483647;
			files = (
				1AF3456015835B7700EB1EA5 /* InfoPlist.strings in Resources */,
				1AF3456915835B7700EB1EA5 /* MainStoryboard_iPhone.storyboard in Resources */,
				1AACE9F0158760C800B9B2DF /* MainStoryboard_iPad.storyboard in Resources */,
			);
			runOnlyForDeploymentPostprocessing = 0;
		};
/* End PBXResourcesBuildPhase section */

/* Begin PBXSourcesBuildPhase section */
		1AF3454D15835B7700EB1EA5 /* Sources */ = {
			isa = PBXSourcesBuildPhase;
			buildActionMask = 2147483647;
			files = (
				1AF3456215835B7700EB1EA5 /* main.m in Sources */,
				1AF3456615835B7700EB1EA5 /* Gym2000AppDelegate.m in Sources */,
				1AF3456F15835B7800EB1EA5 /* ExerciseTableViewController.m in Sources */,
				1ADE90C615846FC2005B0AF1 /* AddTypeViewController.m in Sources */,
				1ADE90CE15847A2E005B0AF1 /* ExerciseDataController.m in Sources */,
				1ADE90D515849FA3005B0AF1 /* AddExerciseCell.m in Sources */,
				1A47A0901585DF3F00203A81 /* InactiveExerciseCell.m in Sources */,
				1A3A1D36158617EA00978DD7 /* Exercise.m in Sources */,
				1AF4CE15158B38EB009A2CED /* MainViewController.m in Sources */,
				1AF4CE1E158B6E54009A2CED /* SlideySegue.m in Sources */,
				1ABEF4F6158C0EA700BBD092 /* MWFSlideNavigationViewController.m in Sources */,
			);
			runOnlyForDeploymentPostprocessing = 0;
		};
/* End PBXSourcesBuildPhase section */

/* Begin PBXVariantGroup section */
		1AACE9EE158760C800B9B2DF /* MainStoryboard_iPad.storyboard */ = {
			isa = PBXVariantGroup;
			children = (
				1AACE9EF158760C800B9B2DF /* en */,
			);
			name = MainStoryboard_iPad.storyboard;
			sourceTree = "<group>";
		};
		1AF3455E15835B7700EB1EA5 /* InfoPlist.strings */ = {
			isa = PBXVariantGroup;
			children = (
				1AF3455F15835B7700EB1EA5 /* en */,
			);
			name = InfoPlist.strings;
			sourceTree = "<group>";
		};
		1AF3456715835B7700EB1EA5 /* MainStoryboard_iPhone.storyboard */ = {
			isa = PBXVariantGroup;
			children = (
				1AF3456815835B7700EB1EA5 /* en */,
			);
			name = MainStoryboard_iPhone.storyboard;
			sourceTree = "<group>";
		};
/* End PBXVariantGroup section */

/* Begin XCBuildConfiguration section */
		1AF3457015835B7800EB1EA5 /* Debug */ = {
			isa = XCBuildConfiguration;
			buildSettings = {
				ALWAYS_SEARCH_USER_PATHS = NO;
				ARCHS = "$(ARCHS_STANDARD_32_BIT)";
				CLANG_ENABLE_OBJC_ARC = YES;
				"CODE_SIGN_IDENTITY[sdk=iphoneos*]" = "iPhone Developer";
				COPY_PHASE_STRIP = NO;
				GCC_C_LANGUAGE_STANDARD = gnu99;
				GCC_DYNAMIC_NO_PIC = NO;
				GCC_OPTIMIZATION_LEVEL = 0;
				GCC_PREPROCESSOR_DEFINITIONS = (
					"DEBUG=1",
					"$(inherited)",
				);
				GCC_SYMBOLS_PRIVATE_EXTERN = NO;
				GCC_VERSION = com.apple.compilers.llvm.clang.1_0;
				GCC_WARN_ABOUT_RETURN_TYPE = YES;
				GCC_WARN_UNINITIALIZED_AUTOS = YES;
				GCC_WARN_UNUSED_VARIABLE = YES;
				IPHONEOS_DEPLOYMENT_TARGET = 5.1;
				SDKROOT = iphoneos;
				TARGETED_DEVICE_FAMILY = "1,2";
			};
			name = Debug;
		};
		1AF3457115835B7800EB1EA5 /* Release */ = {
			isa = XCBuildConfiguration;
			buildSettings = {
				ALWAYS_SEARCH_USER_PATHS = NO;
				ARCHS = "$(ARCHS_STANDARD_32_BIT)";
				CLANG_ENABLE_OBJC_ARC = YES;
				"CODE_SIGN_IDENTITY[sdk=iphoneos*]" = "iPhone Developer";
				COPY_PHASE_STRIP = YES;
				GCC_C_LANGUAGE_STANDARD = gnu99;
				GCC_VERSION = com.apple.compilers.llvm.clang.1_0;
				GCC_WARN_ABOUT_RETURN_TYPE = YES;
				GCC_WARN_UNINITIALIZED_AUTOS = YES;
				GCC_WARN_UNUSED_VARIABLE = YES;
				IPHONEOS_DEPLOYMENT_TARGET = 5.1;
				OTHER_CFLAGS = "-DNS_BLOCK_ASSERTIONS=1";
				SDKROOT = iphoneos;
				TARGETED_DEVICE_FAMILY = "1,2";
				VALIDATE_PRODUCT = YES;
			};
			name = Release;
		};
		1AF3457315835B7800EB1EA5 /* Debug */ = {
			isa = XCBuildConfiguration;
			buildSettings = {
				GCC_PRECOMPILE_PREFIX_HEADER = YES;
				GCC_PREFIX_HEADER = "Gym2000AndAwesome/Gym2000AndAwesome-Prefix.pch";
				INFOPLIST_FILE = "Gym2000AndAwesome/Gym2000AndAwesome-Info.plist";
				PRODUCT_NAME = "$(TARGET_NAME)";
				WRAPPER_EXTENSION = app;
			};
			name = Debug;
		};
		1AF3457415835B7800EB1EA5 /* Release */ = {
			isa = XCBuildConfiguration;
			buildSettings = {
				GCC_PRECOMPILE_PREFIX_HEADER = YES;
				GCC_PREFIX_HEADER = "Gym2000AndAwesome/Gym2000AndAwesome-Prefix.pch";
				INFOPLIST_FILE = "Gym2000AndAwesome/Gym2000AndAwesome-Info.plist";
				PRODUCT_NAME = "$(TARGET_NAME)";
				WRAPPER_EXTENSION = app;
			};
			name = Release;
		};
/* End XCBuildConfiguration section */

/* Begin XCConfigurationList section */
		1AF3454B15835B7700EB1EA5 /* Build configuration list for PBXProject "Gym2000AndAwesome" */ = {
			isa = XCConfigurationList;
			buildConfigurations = (
				1AF3457015835B7800EB1EA5 /* Debug */,
				1AF3457115835B7800EB1EA5 /* Release */,
			);
			defaultConfigurationIsVisible = 0;
			defaultConfigurationName = Release;
		};
		1AF3457215835B7800EB1EA5 /* Build configuration list for PBXNativeTarget "Gym2000AndAwesome" */ = {
			isa = XCConfigurationList;
			buildConfigurations = (
				1AF3457315835B7800EB1EA5 /* Debug */,
				1AF3457415835B7800EB1EA5 /* Release */,
			);
			defaultConfigurationIsVisible = 0;
			defaultConfigurationName = Release;
		};
/* End XCConfigurationList section */
	};
	rootObject = 1AF3454815835B7700EB1EA5 /* Project object */;
}
